
Microsoft Visual Studio Solution File, Format Version 12.00
# Visual Studio Version 17
VisualStudioVersion = 17.11.35312.102
MinimumVisualStudioVersion = 10.0.40219.1
Project("{FAE04EC0-301F-11D3-BF4B-00C04F79EFBC}") = "Lab 1", "Lab 1\Lab 1.csproj", "{F647397F-E5D6-42A6-B911-8D85908D54AB}"
EndProject
Global
	GlobalSection(SolutionConfigurationPlatforms) = preSolution
		Debug|Any CPU = Debug|Any CPU
		Release|Any CPU = Release|Any CPU
	EndGlobalSection
	GlobalSection(ProjectConfigurationPlatforms) = postSolution
		{F647397F-E5D6-42A6-B911-8D85908D54AB}.Debug|Any CPU.ActiveCfg = Debug|Any CPU
		{F647397F-E5D6-42A6-B911-8D85908D54AB}.Debug|Any CPU.Build.0 = Debug|Any CPU
		{F647397F-E5D6-42A6-B911-8D85908D54AB}.Release|Any CPU.ActiveCfg = Release|Any CPU
		{F647397F-E5D6-42A6-B911-8D85908D54AB}.Release|Any CPU.Build.0 = Release|Any CPU
	EndGlobalSection
	GlobalSection(SolutionProperties) = preSolution
		HideSolutionNode = FALSE
	EndGlobalSection
	GlobalSection(ExtensibilityGlobals) = postSolution
		SolutionGuid = {BA6CE6F3-FA51-483A-90E8-351653507494}
	EndGlobalSection
EndGlobal
