
Microsoft Visual Studio Solution File, Format Version 12.00
# Visual Studio Version 17
VisualStudioVersion = 17.11.35312.102
MinimumVisualStudioVersion = 10.0.40219.1
Project("{FAE04EC0-301F-11D3-BF4B-00C04F79EFBC}") = "Lab 3", "Lab 3\Lab 3.csproj", "{EF58CB9C-2C84-4784-9371-8D041A44C89C}"
EndProject
Global
	GlobalSection(SolutionConfigurationPlatforms) = preSolution
		Debug|Any CPU = Debug|Any CPU
		Release|Any CPU = Release|Any CPU
	EndGlobalSection
	GlobalSection(ProjectConfigurationPlatforms) = postSolution
		{EF58CB9C-2C84-4784-9371-8D041A44C89C}.Debug|Any CPU.ActiveCfg = Debug|Any CPU
		{EF58CB9C-2C84-4784-9371-8D041A44C89C}.Debug|Any CPU.Build.0 = Debug|Any CPU
		{EF58CB9C-2C84-4784-9371-8D041A44C89C}.Release|Any CPU.ActiveCfg = Release|Any CPU
		{EF58CB9C-2C84-4784-9371-8D041A44C89C}.Release|Any CPU.Build.0 = Release|Any CPU
	EndGlobalSection
	GlobalSection(SolutionProperties) = preSolution
		HideSolutionNode = FALSE
	EndGlobalSection
	GlobalSection(ExtensibilityGlobals) = postSolution
		SolutionGuid = {56B93293-AD36-4AFC-B4AD-A13A383FF127}
	EndGlobalSection
EndGlobal
